
Microsoft Visual Studio Solution File, Format Version 12.00
# Visual Studio Version 16
VisualStudioVersion = 16.0.31321.278
MinimumVisualStudioVersion = 10.0.40219.1
Project("{FAE04EC0-301F-11D3-BF4B-00C04F79EFBC}") = "Server", "Server.csproj", "{229B803A-7BA9-4E85-8472-279947F90C71}"
EndProject
Project("{FAE04EC0-301F-11D3-BF4B-00C04F79EFBC}") = "MonitoringServer", "..\MonitoringServer\MonitoringServer.csproj", "{1C4BF141-1CB5-4319-A881-881F185DF0B4}"
EndProject
Project("{FAE04EC0-301F-11D3-BF4B-00C04F79EFBC}") = "ServiceContract", "..\ServiceContract\ServiceContract.csproj", "{B047D7AF-A47E-4BFA-95F0-B5E1F5C9573D}"
EndProject
Project("{FAE04EC0-301F-11D3-BF4B-00C04F79EFBC}") = "Client", "..\Client\Client.csproj", "{B303C5E7-713E-4B89-817B-3201E7B3F685}"
EndProject
Global
	GlobalSection(SolutionConfigurationPlatforms) = preSolution
		Debug|Any CPU = Debug|Any CPU
		Release|Any CPU = Release|Any CPU
	EndGlobalSection
	GlobalSection(ProjectConfigurationPlatforms) = postSolution
		{229B803A-7BA9-4E85-8472-279947F90C71}.Debug|Any CPU.ActiveCfg = Debug|Any CPU
		{229B803A-7BA9-4E85-8472-279947F90C71}.Debug|Any CPU.Build.0 = Debug|Any CPU
		{229B803A-7BA9-4E85-8472-279947F90C71}.Release|Any CPU.ActiveCfg = Release|Any CPU
		{229B803A-7BA9-4E85-8472-279947F90C71}.Release|Any CPU.Build.0 = Release|Any CPU
		{1C4BF141-1CB5-4319-A881-881F185DF0B4}.Debug|Any CPU.ActiveCfg = Debug|Any CPU
		{1C4BF141-1CB5-4319-A881-881F185DF0B4}.Debug|Any CPU.Build.0 = Debug|Any CPU
		{1C4BF141-1CB5-4319-A881-881F185DF0B4}.Release|Any CPU.ActiveCfg = Release|Any CPU
		{1C4BF141-1CB5-4319-A881-881F185DF0B4}.Release|Any CPU.Build.0 = Release|Any CPU
		{B047D7AF-A47E-4BFA-95F0-B5E1F5C9573D}.Debug|Any CPU.ActiveCfg = Debug|Any CPU
		{B047D7AF-A47E-4BFA-95F0-B5E1F5C9573D}.Debug|Any CPU.Build.0 = Debug|Any CPU
		{B047D7AF-A47E-4BFA-95F0-B5E1F5C9573D}.Release|Any CPU.ActiveCfg = Release|Any CPU
		{B047D7AF-A47E-4BFA-95F0-B5E1F5C9573D}.Release|Any CPU.Build.0 = Release|Any CPU
		{B303C5E7-713E-4B89-817B-3201E7B3F685}.Debug|Any CPU.ActiveCfg = Debug|Any CPU
		{B303C5E7-713E-4B89-817B-3201E7B3F685}.Debug|Any CPU.Build.0 = Debug|Any CPU
		{B303C5E7-713E-4B89-817B-3201E7B3F685}.Release|Any CPU.ActiveCfg = Release|Any CPU
		{B303C5E7-713E-4B89-817B-3201E7B3F685}.Release|Any CPU.Build.0 = Release|Any CPU
	EndGlobalSection
	GlobalSection(SolutionProperties) = preSolution
		HideSolutionNode = FALSE
	EndGlobalSection
	GlobalSection(ExtensibilityGlobals) = postSolution
		SolutionGuid = {0B14552C-B427-4EC8-984E-80C565838D33}
	EndGlobalSection
EndGlobal
